
Microsoft Visual Studio Solution File, Format Version 12.00
# Visual Studio Version 17
VisualStudioVersion = 17.9.34728.123
MinimumVisualStudioVersion = 10.0.40219.1
Project("{FAE04EC0-301F-11D3-BF4B-00C04F79EFBC}") = "LearnShop.Api", "LearnShop.Api\LearnShop.Api.csproj", "{08C6ABC4-5AAC-44A3-9672-F5CE6E587C01}"
EndProject
Global
	GlobalSection(SolutionConfigurationPlatforms) = preSolution
		Debug|Any CPU = Debug|Any CPU
		Release|Any CPU = Release|Any CPU
	EndGlobalSection
	GlobalSection(ProjectConfigurationPlatforms) = postSolution
		{08C6ABC4-5AAC-44A3-9672-F5CE6E587C01}.Debug|Any CPU.ActiveCfg = Debug|Any CPU
		{08C6ABC4-5AAC-44A3-9672-F5CE6E587C01}.Debug|Any CPU.Build.0 = Debug|Any CPU
		{08C6ABC4-5AAC-44A3-9672-F5CE6E587C01}.Release|Any CPU.ActiveCfg = Release|Any CPU
		{08C6ABC4-5AAC-44A3-9672-F5CE6E587C01}.Release|Any CPU.Build.0 = Release|Any CPU
	EndGlobalSection
	GlobalSection(SolutionProperties) = preSolution
		HideSolutionNode = FALSE
	EndGlobalSection
	GlobalSection(ExtensibilityGlobals) = postSolution
		SolutionGuid = {6C5707E7-3DC5-4F56-BD3D-4092A3941508}
	EndGlobalSection
EndGlobal
